{
  "name": "pi-subagent-extension",
  "lockfileVersion": 3,
  "requires": true,
  "packages": {
    "": {
      "name": "pi-subagent-extension",
      "optionalDependencies": {
        "glimpseui": "^0.7.0"
      }
    },
    "node_modules/glimpseui": {
      "version": "0.7.0",
      "resolved": "https://registry.npmjs.org/glimpseui/-/glimpseui-0.7.0.tgz",
      "integrity": "sha512-VKrqXfjglljMJtd6lSHfhULZ9sor58Eia2nvTqO9+/tvGA5CfSranMDv0fUEWswV/y+VCEHeyCQnT/Ag0/jL7w==",
      "hasInstallScript": true,
      "license": "MIT",
      "optional": true,
      "os": [
        "darwin",
        "linux",
        "win32"
      ],
      "bin": {
        "glimpseui": "bin/glimpse.mjs"
      },
      "engines": {
        "node": ">=18"
      }
    }
  }
}
